
Microsoft Visual Studio Solution File, Format Version 12.00
# Visual Studio 15
VisualStudioVersion = 15.0.26228.9
MinimumVisualStudioVersion = 10.0.40219.1
Project("{FAE04EC0-301F-11D3-BF4B-00C04F79EFBC}") = "UI", "UI\UI.csproj", "{E8050CE1-8C49-4D38-9711-F5050D63753E}"
EndProject
Project("{FAE04EC0-301F-11D3-BF4B-00C04F79EFBC}") = "DL", "DL\DL.csproj", "{37317D18-99B5-4576-A1D3-DC42BF1B059E}"
EndProject
Project("{FAE04EC0-301F-11D3-BF4B-00C04F79EFBC}") = "BL", "BL\BL.csproj", "{4987B550-C985-489A-BA05-652837203772}"
EndProject
Project("{FAE04EC0-301F-11D3-BF4B-00C04F79EFBC}") = "Common", "Common\Common.csproj", "{FED85DF1-6840-4E02-8833-74E36405F30B}"
EndProject
Global
	GlobalSection(SolutionConfigurationPlatforms) = preSolution
		Debug|Any CPU = Debug|Any CPU
		Release|Any CPU = Release|Any CPU
	EndGlobalSection
	GlobalSection(ProjectConfigurationPlatforms) = postSolution
		{E8050CE1-8C49-4D38-9711-F5050D63753E}.Debug|Any CPU.ActiveCfg = Debug|Any CPU
		{E8050CE1-8C49-4D38-9711-F5050D63753E}.Debug|Any CPU.Build.0 = Debug|Any CPU
		{E8050CE1-8C49-4D38-9711-F5050D63753E}.Release|Any CPU.ActiveCfg = Release|Any CPU
		{E8050CE1-8C49-4D38-9711-F5050D63753E}.Release|Any CPU.Build.0 = Release|Any CPU
		{37317D18-99B5-4576-A1D3-DC42BF1B059E}.Debug|Any CPU.ActiveCfg = Debug|Any CPU
		{37317D18-99B5-4576-A1D3-DC42BF1B059E}.Debug|Any CPU.Build.0 = Debug|Any CPU
		{37317D18-99B5-4576-A1D3-DC42BF1B059E}.Release|Any CPU.ActiveCfg = Release|Any CPU
		{37317D18-99B5-4576-A1D3-DC42BF1B059E}.Release|Any CPU.Build.0 = Release|Any CPU
		{4987B550-C985-489A-BA05-652837203772}.Debug|Any CPU.ActiveCfg = Debug|Any CPU
		{4987B550-C985-489A-BA05-652837203772}.Debug|Any CPU.Build.0 = Debug|Any CPU
		{4987B550-C985-489A-BA05-652837203772}.Release|Any CPU.ActiveCfg = Release|Any CPU
		{4987B550-C985-489A-BA05-652837203772}.Release|Any CPU.Build.0 = Release|Any CPU
		{FED85DF1-6840-4E02-8833-74E36405F30B}.Debug|Any CPU.ActiveCfg = Debug|Any CPU
		{FED85DF1-6840-4E02-8833-74E36405F30B}.Debug|Any CPU.Build.0 = Debug|Any CPU
		{FED85DF1-6840-4E02-8833-74E36405F30B}.Release|Any CPU.ActiveCfg = Release|Any CPU
		{FED85DF1-6840-4E02-8833-74E36405F30B}.Release|Any CPU.Build.0 = Release|Any CPU
	EndGlobalSection
	GlobalSection(SolutionProperties) = preSolution
		HideSolutionNode = FALSE
	EndGlobalSection
EndGlobal
